
Microsoft Visual Studio Solution File, Format Version 12.00
# Visual Studio 15
VisualStudioVersion = 15.0.27703.2018
MinimumVisualStudioVersion = 10.0.40219.1
Project("{8BC9CEB8-8B4A-11D0-8D11-00A0C91BC942}") = "P1-Logic", "P1-Logic\P1-Logic.vcxproj", "{16722165-5BB9-46F9-8FBA-049DF32B9D07}"
EndProject
Global
	GlobalSection(SolutionConfigurationPlatforms) = preSolution
		Debug|x64 = Debug|x64
		Debug|x86 = Debug|x86
		Release|x64 = Release|x64
		Release|x86 = Release|x86
	EndGlobalSection
	GlobalSection(ProjectConfigurationPlatforms) = postSolution
		{16722165-5BB9-46F9-8FBA-049DF32B9D07}.Debug|x64.ActiveCfg = Debug|x64
		{16722165-5BB9-46F9-8FBA-049DF32B9D07}.Debug|x64.Build.0 = Debug|x64
		{16722165-5BB9-46F9-8FBA-049DF32B9D07}.Debug|x86.ActiveCfg = Debug|Win32
		{16722165-5BB9-46F9-8FBA-049DF32B9D07}.Debug|x86.Build.0 = Debug|Win32
		{16722165-5BB9-46F9-8FBA-049DF32B9D07}.Release|x64.ActiveCfg = Release|x64
		{16722165-5BB9-46F9-8FBA-049DF32B9D07}.Release|x64.Build.0 = Release|x64
		{16722165-5BB9-46F9-8FBA-049DF32B9D07}.Release|x86.ActiveCfg = Release|Win32
		{16722165-5BB9-46F9-8FBA-049DF32B9D07}.Release|x86.Build.0 = Release|Win32
	EndGlobalSection
	GlobalSection(SolutionProperties) = preSolution
		HideSolutionNode = FALSE
	EndGlobalSection
	GlobalSection(ExtensibilityGlobals) = postSolution
		SolutionGuid = {DAD00B39-8D7F-41CA-9BFE-CE8248F8693E}
	EndGlobalSection
EndGlobal
